
Microsoft Visual Studio Solution File, Format Version 12.00
Project("{2150E333-8FDC-42A3-9474-1A3956D46DE8}") = "01-Services", "01-Services", "{E8268B80-26EE-4FEC-84A8-2F874D6C4514}"
EndProject
Project("{2150E333-8FDC-42A3-9474-1A3956D46DE8}") = "02-Application", "02-Application", "{B6D31EC9-F8B0-450E-B7D6-DA7C8EE671EE}"
EndProject
Project("{2150E333-8FDC-42A3-9474-1A3956D46DE8}") = "03-Domain", "03-Domain", "{B51661C5-692D-44C8-B115-D186A5127EB9}"
EndProject
Project("{2150E333-8FDC-42A3-9474-1A3956D46DE8}") = "04-Infra", "04-Infra", "{57F2CAA8-FA3C-408F-BE6D-1BCDB75F7D7B}"
EndProject
Project("{2150E333-8FDC-42A3-9474-1A3956D46DE8}") = "05-Tests", "05-Tests", "{E2440E44-AA00-4CD4-B9A5-5AEB73D5A032}"
EndProject
Project("{2150E333-8FDC-42A3-9474-1A3956D46DE8}") = "4.1-Data", "4.1-Data", "{44C30331-F94A-4447-8A59-4253379D36C0}"
EndProject
Project("{2150E333-8FDC-42A3-9474-1A3956D46DE8}") = "4.2-CrossCutting", "4.2-CrossCutting", "{421653AC-ADCD-48F2-8B56-0B04C7361316}"
EndProject
Project("{FAE04EC0-301F-11D3-BF4B-00C04F79EFBC}") = "ALAYSchoolGest.Infra.Data", "src\ALAYSchoolGest.Infra.Data\ALAYSchoolGest.Infra.Data.csproj", "{F04621DB-DC53-48FE-8D1D-94BED3A3EC56}"
EndProject
Global
	GlobalSection(SolutionConfigurationPlatforms) = preSolution
		Debug|Any CPU = Debug|Any CPU
		Release|Any CPU = Release|Any CPU
	EndGlobalSection
	GlobalSection(NestedProjects) = preSolution
		{44C30331-F94A-4447-8A59-4253379D36C0} = {57F2CAA8-FA3C-408F-BE6D-1BCDB75F7D7B}
		{421653AC-ADCD-48F2-8B56-0B04C7361316} = {57F2CAA8-FA3C-408F-BE6D-1BCDB75F7D7B}
		{F04621DB-DC53-48FE-8D1D-94BED3A3EC56} = {44C30331-F94A-4447-8A59-4253379D36C0}
	EndGlobalSection
	GlobalSection(ProjectConfigurationPlatforms) = postSolution
		{F04621DB-DC53-48FE-8D1D-94BED3A3EC56}.Debug|Any CPU.ActiveCfg = Debug|Any CPU
		{F04621DB-DC53-48FE-8D1D-94BED3A3EC56}.Debug|Any CPU.Build.0 = Debug|Any CPU
		{F04621DB-DC53-48FE-8D1D-94BED3A3EC56}.Release|Any CPU.ActiveCfg = Release|Any CPU
		{F04621DB-DC53-48FE-8D1D-94BED3A3EC56}.Release|Any CPU.Build.0 = Release|Any CPU
	EndGlobalSection
EndGlobal
